
Microsoft Visual Studio Solution File, Format Version 12.00
# Visual Studio Version 17
VisualStudioVersion = 17.5.33530.505
MinimumVisualStudioVersion = 10.0.40219.1
Project("{9A19103F-16F7-4668-BE54-9A1E7A4F7556}") = "UserService", "UserService\UserService.csproj", "{2376E4C4-5F82-42E9-A7F6-1B00B02908D7}"
EndProject
Project("{E53339B2-1760-4266-BCC7-CA923CBCF16C}") = "docker-compose", "docker-compose.dcproj", "{BEB2A43A-A9E8-4796-80A6-E92ADB78BE74}"
EndProject
Project("{FAE04EC0-301F-11D3-BF4B-00C04F79EFBC}") = "UserServiceTest", "UserServiceTest\UserServiceTest.csproj", "{19981D2B-6F14-464F-ADF6-0082D95874A4}"
EndProject
Global
	GlobalSection(SolutionConfigurationPlatforms) = preSolution
		Debug|Any CPU = Debug|Any CPU
		Release|Any CPU = Release|Any CPU
	EndGlobalSection
	GlobalSection(ProjectConfigurationPlatforms) = postSolution
		{2376E4C4-5F82-42E9-A7F6-1B00B02908D7}.Debug|Any CPU.ActiveCfg = Debug|Any CPU
		{2376E4C4-5F82-42E9-A7F6-1B00B02908D7}.Debug|Any CPU.Build.0 = Debug|Any CPU
		{2376E4C4-5F82-42E9-A7F6-1B00B02908D7}.Release|Any CPU.ActiveCfg = Release|Any CPU
		{2376E4C4-5F82-42E9-A7F6-1B00B02908D7}.Release|Any CPU.Build.0 = Release|Any CPU
		{BEB2A43A-A9E8-4796-80A6-E92ADB78BE74}.Debug|Any CPU.ActiveCfg = Debug|Any CPU
		{BEB2A43A-A9E8-4796-80A6-E92ADB78BE74}.Debug|Any CPU.Build.0 = Debug|Any CPU
		{BEB2A43A-A9E8-4796-80A6-E92ADB78BE74}.Release|Any CPU.ActiveCfg = Release|Any CPU
		{BEB2A43A-A9E8-4796-80A6-E92ADB78BE74}.Release|Any CPU.Build.0 = Release|Any CPU
		{19981D2B-6F14-464F-ADF6-0082D95874A4}.Debug|Any CPU.ActiveCfg = Debug|Any CPU
		{19981D2B-6F14-464F-ADF6-0082D95874A4}.Debug|Any CPU.Build.0 = Debug|Any CPU
		{19981D2B-6F14-464F-ADF6-0082D95874A4}.Release|Any CPU.ActiveCfg = Release|Any CPU
		{19981D2B-6F14-464F-ADF6-0082D95874A4}.Release|Any CPU.Build.0 = Release|Any CPU
	EndGlobalSection
	GlobalSection(SolutionProperties) = preSolution
		HideSolutionNode = FALSE
	EndGlobalSection
	GlobalSection(ExtensibilityGlobals) = postSolution
		SolutionGuid = {413DA5B7-37EC-47C3-BB57-0756518FAE4C}
	EndGlobalSection
EndGlobal
